{
  "requires": true,
  "lockfileVersion": 1,
  "dependencies": {
    "@types/jquery": {
      "version": "3.5.0",
      "resolved": "https://registry.npm.taobao.org/@types/jquery/download/@types/jquery-3.5.0.tgz",
      "integrity": "sha1-zLff0xfQLUIn3TgDx1KX0MENrWg=",
      "dev": true,
      "requires": {
        "@types/sizzle": "2.3.2"
      }
    },
    "@types/sizzle": {
      "version": "2.3.2",
      "resolved": "https://registry.npm.taobao.org/@types/sizzle/download/@types/sizzle-2.3.2.tgz?cache=0&sync_timestamp=1588201710389&other_urls=https%3A%2F%2Fregistry.npm.taobao.org%2F%40types%2Fsizzle%2Fdownload%2F%40types%2Fsizzle-2.3.2.tgz",
      "integrity": "sha1-qBG4wY4rq6t9VCszZYh64uTZ3kc=",
      "dev": true
    }
  }
}
